Microsoft Visual Studio Solution File, Format Version 12.00
# Visual Studio Version 17
VisualStudioVersion = 17.5.2.0
MinimumVisualStudioVersion = 10.0.40219.1
Project("{FAE04EC0-301F-11D3-BF4B-00C04F79EFBC}") = "azure-excel-processor", "azure-excel-processor.csproj", "{CFE79E7A-C545-66A4-7FED-AF69EB9470F0}"
EndProject
Project("{2150E333-8FDC-42A3-9474-1A3956D46DE8}") = "obj", "obj", "{CA285D67-BB6D-2923-29FD-B5A1C6B8EB24}"
EndProject
Project("{2150E333-8FDC-42A3-9474-1A3956D46DE8}") = "Debug", "Debug", "{3DB07252-4F5B-61B7-192E-6C40720DF607}"
EndProject
Project("{2150E333-8FDC-42A3-9474-1A3956D46DE8}") = "net6.0", "net6.0", "{D5C4EA52-BE2B-8C04-6CFB-3B5E6F6B5749}"
EndProject
Project("{FAE04EC0-301F-11D3-BF4B-00C04F79EFBC}") = "WorkerExtensions", "obj\Debug\net6.0\WorkerExtensions\WorkerExtensions.csproj", "{0500E27F-5D4B-95B3-AF42-318CA189D63D}"
EndProject
Global
	GlobalSection(SolutionConfigurationPlatforms) = preSolution
		Debug|Any CPU = Debug|Any CPU
		Release|Any CPU = Release|Any CPU
	EndGlobalSection
	GlobalSection(ProjectConfigurationPlatforms) = postSolution
		{CFE79E7A-C545-66A4-7FED-AF69EB9470F0}.Debug|Any CPU.ActiveCfg = Debug|Any CPU
		{CFE79E7A-C545-66A4-7FED-AF69EB9470F0}.Debug|Any CPU.Build.0 = Debug|Any CPU
		{CFE79E7A-C545-66A4-7FED-AF69EB9470F0}.Release|Any CPU.ActiveCfg = Release|Any CPU
		{CFE79E7A-C545-66A4-7FED-AF69EB9470F0}.Release|Any CPU.Build.0 = Release|Any CPU
		{0500E27F-5D4B-95B3-AF42-318CA189D63D}.Debug|Any CPU.ActiveCfg = Debug|Any CPU
		{0500E27F-5D4B-95B3-AF42-318CA189D63D}.Debug|Any CPU.Build.0 = Debug|Any CPU
		{0500E27F-5D4B-95B3-AF42-318CA189D63D}.Release|Any CPU.ActiveCfg = Release|Any CPU
		{0500E27F-5D4B-95B3-AF42-318CA189D63D}.Release|Any CPU.Build.0 = Release|Any CPU
	EndGlobalSection
	GlobalSection(SolutionProperties) = preSolution
		HideSolutionNode = FALSE
	EndGlobalSection
	GlobalSection(NestedProjects) = preSolution
		{3DB07252-4F5B-61B7-192E-6C40720DF607} = {CA285D67-BB6D-2923-29FD-B5A1C6B8EB24}
		{D5C4EA52-BE2B-8C04-6CFB-3B5E6F6B5749} = {3DB07252-4F5B-61B7-192E-6C40720DF607}
		{0500E27F-5D4B-95B3-AF42-318CA189D63D} = {D5C4EA52-BE2B-8C04-6CFB-3B5E6F6B5749}
	EndGlobalSection
	GlobalSection(ExtensibilityGlobals) = postSolution
		SolutionGuid = {28723A1C-9F80-4595-A751-A96F0B437D1B}
	EndGlobalSection
EndGlobal
